
Microsoft Visual Studio Solution File, Format Version 12.00
# Visual Studio Version 17
VisualStudioVersion = 17.9.34714.143
MinimumVisualStudioVersion = 10.0.40219.1
Project("{9A19103F-16F7-4668-BE54-9A1E7A4F7556}") = "RocketLeagueReplayParserCLI", "RocketLeagueReplayParserCLI.csproj", "{C22D2311-A9A8-4189-953E-A24BACBEEBAD}"
EndProject
Project("{9A19103F-16F7-4668-BE54-9A1E7A4F7556}") = "RocketLeagueReplayParserAPI", "..\..\RocketLeagueReplayExtractorAPI\RocketLeagueReplayExtractorAPI\RocketLeagueReplayParserAPI.csproj", "{F524ECF3-938B-4BE8-9E4F-F4E5BBD0EF7D}"
EndProject
Project("{9A19103F-16F7-4668-BE54-9A1E7A4F7556}") = "DNARocketLeagueReplayParser", "..\..\DNA-Rocket-League-Replay-Parser\DNARocketLeagueReplayParser\DNARocketLeagueReplayParser.csproj", "{2988A366-2F97-4D79-B70C-76BC69B268FB}"
EndProject
Project("{9A19103F-16F7-4668-BE54-9A1E7A4F7556}") = "DNA-CLI-Framework", "..\..\DNA-CLI-Framework\DNA-CLI-Framework\DNA-CLI-Framework.csproj", "{5314D1C0-3A81-4FB6-945F-E06E69B83AB7}"
EndProject
Project("{FAE04EC0-301F-11D3-BF4B-00C04F79EFBC}") = "RocketLeagueParserAPI_UnitTests", "..\..\RocketLeagueReplayExtractorAPI\RocketLeagueParserAPI_UnitTests\RocketLeagueParserAPI_UnitTests.csproj", "{BA0A6C91-C4C9-4752-B51B-7B3600994278}"
EndProject
Global
	GlobalSection(SolutionConfigurationPlatforms) = preSolution
		Debug|Any CPU = Debug|Any CPU
		Release|Any CPU = Release|Any CPU
	EndGlobalSection
	GlobalSection(ProjectConfigurationPlatforms) = postSolution
		{C22D2311-A9A8-4189-953E-A24BACBEEBAD}.Debug|Any CPU.ActiveCfg = Debug|Any CPU
		{C22D2311-A9A8-4189-953E-A24BACBEEBAD}.Debug|Any CPU.Build.0 = Debug|Any CPU
		{C22D2311-A9A8-4189-953E-A24BACBEEBAD}.Release|Any CPU.ActiveCfg = Release|Any CPU
		{C22D2311-A9A8-4189-953E-A24BACBEEBAD}.Release|Any CPU.Build.0 = Release|Any CPU
		{F524ECF3-938B-4BE8-9E4F-F4E5BBD0EF7D}.Debug|Any CPU.ActiveCfg = Debug|Any CPU
		{F524ECF3-938B-4BE8-9E4F-F4E5BBD0EF7D}.Debug|Any CPU.Build.0 = Debug|Any CPU
		{F524ECF3-938B-4BE8-9E4F-F4E5BBD0EF7D}.Release|Any CPU.ActiveCfg = Release|Any CPU
		{F524ECF3-938B-4BE8-9E4F-F4E5BBD0EF7D}.Release|Any CPU.Build.0 = Release|Any CPU
		{2988A366-2F97-4D79-B70C-76BC69B268FB}.Debug|Any CPU.ActiveCfg = Debug|Any CPU
		{2988A366-2F97-4D79-B70C-76BC69B268FB}.Debug|Any CPU.Build.0 = Debug|Any CPU
		{2988A366-2F97-4D79-B70C-76BC69B268FB}.Release|Any CPU.ActiveCfg = Release|Any CPU
		{2988A366-2F97-4D79-B70C-76BC69B268FB}.Release|Any CPU.Build.0 = Release|Any CPU
		{5314D1C0-3A81-4FB6-945F-E06E69B83AB7}.Debug|Any CPU.ActiveCfg = Debug|Any CPU
		{5314D1C0-3A81-4FB6-945F-E06E69B83AB7}.Debug|Any CPU.Build.0 = Debug|Any CPU
		{5314D1C0-3A81-4FB6-945F-E06E69B83AB7}.Release|Any CPU.ActiveCfg = Release|Any CPU
		{5314D1C0-3A81-4FB6-945F-E06E69B83AB7}.Release|Any CPU.Build.0 = Release|Any CPU
		{BA0A6C91-C4C9-4752-B51B-7B3600994278}.Debug|Any CPU.ActiveCfg = Debug|Any CPU
		{BA0A6C91-C4C9-4752-B51B-7B3600994278}.Debug|Any CPU.Build.0 = Debug|Any CPU
		{BA0A6C91-C4C9-4752-B51B-7B3600994278}.Release|Any CPU.ActiveCfg = Release|Any CPU
		{BA0A6C91-C4C9-4752-B51B-7B3600994278}.Release|Any CPU.Build.0 = Release|Any CPU
	EndGlobalSection
	GlobalSection(SolutionProperties) = preSolution
		HideSolutionNode = FALSE
	EndGlobalSection
	GlobalSection(ExtensibilityGlobals) = postSolution
		SolutionGuid = {4313614F-48B2-49A1-A8AB-6CD8FA3A9D2A}
	EndGlobalSection
EndGlobal
